// !$*UTF8*$!
{
	archiveVersion = 1;
	classes = {
	};
	objectVersion = 50;
	objects = {

/* Begin PBXBuildFile section */
		3C5ECA1621102077009B263B /* NSData+KCAdd.m in Sources */ = {isa = PBXBuildFile; fileRef = 3C5EC9782110204B009B263B /* NSData+KCAdd.m */; };
		3C5ECA1721102077009B263B /* KCSafeArray.m in Sources */ = {isa = PBXBuildFile; fileRef = 3C5EC9792110204B009B263B /* KCSafeArray.m */; };
		3C5ECA1821102077009B263B /* CALayer+KCWebImage.m in Sources */ = {isa = PBXBuildFile; fileRef = 3C5EC97A2110204C009B263B /* CALayer+KCWebImage.m */; };
		3C5ECA1921102077009B263B /* KCGestureRecognizer.m in Sources */ = {isa = PBXBuildFile; fileRef = 3C5EC97D2110204C009B263B /* KCGestureRecognizer.m */; };
		3C5ECA1A21102077009B263B /* KCTextRubyAnnotation.m in Sources */ = {isa = PBXBuildFile; fileRef = 3C5EC9812110204D009B263B /* KCTextRubyAnnotation.m */; };
		3C5ECA1B21102077009B263B /* KCTransaction.m in Sources */ = {isa = PBXBuildFile; fileRef = 3C5EC9822110204D009B263B /* KCTransaction.m */; };
		3C5ECA1C21102077009B263B /* NSNumber+KCAdd.m in Sources */ = {isa = PBXBuildFile; fileRef = 3C5EC9832110204D009B263B /* NSNumber+KCAdd.m */; };
		3C5ECA1D21102077009B263B /* KCCGUtilities.m in Sources */ = {isa = PBXBuildFile; fileRef = 3C5EC9842110204D009B263B /* KCCGUtilities.m */; };
		3C5ECA1E21102077009B263B /* UIDevice+KCAdd.m in Sources */ = {isa = PBXBuildFile; fileRef = 3C5EC9852110204D009B263B /* UIDevice+KCAdd.m */; };
		3C5ECA1F21102077009B263B /* UIControl+KCAdd.m in Sources */ = {isa = PBXBuildFile; fileRef = 3C5EC9862110204E009B263B /* UIControl+KCAdd.m */; };
		3C5ECA2021102077009B263B /* UITableView+KCAdd.m in Sources */ = {isa = PBXBuildFile; fileRef = 3C5EC9882110204E009B263B /* UITableView+KCAdd.m */; };
		3C5ECA2121102077009B263B /* NSObject+KCModel.m in Sources */ = {isa = PBXBuildFile; fileRef = 3C5EC9892110204E009B263B /* NSObject+KCModel.m */; };
		3C5ECA2221102077009B263B /* KCClassInfo.m in Sources */ = {isa = PBXBuildFile; fileRef = 3C5EC98C2110204F009B263B /* KCClassInfo.m */; };
		3C5ECA2321102077009B263B /* UIImage+KCAdd.m in Sources */ = {isa = PBXBuildFile; fileRef = 3C5EC99021102050009B263B /* UIImage+KCAdd.m */; };
		3C5ECA2421102077009B263B /* NSObject+KCAddForARC.m in Sources */ = {isa = PBXBuildFile; fileRef = 3C5EC99221102050009B263B /* NSObject+KCAddForARC.m */; };
		3C5ECA2521102077009B263B /* NSObject+KCAddForKVO.m in Sources */ = {isa = PBXBuildFile; fileRef = 3C5EC99321102050009B263B /* NSObject+KCAddForKVO.m */; };
		3C5ECA2621102077009B263B /* KCImageCache.m in Sources */ = {isa = PBXBuildFile; fileRef = 3C5EC99521102050009B263B /* KCImageCache.m */; };
		3C5ECA2721102077009B263B /* KCSafeDictionary.m in Sources */ = {isa = PBXBuildFile; fileRef = 3C5EC99821102051009B263B /* KCSafeDictionary.m */; };
		3C5ECA2821102077009B263B /* KCSentinel.m in Sources */ = {isa = PBXBuildFile; fileRef = 3C5EC99921102051009B263B /* KCSentinel.m */; };
		3C5ECA2921102077009B263B /* UIImageView+KCWebImage.m in Sources */ = {isa = PBXBuildFile; fileRef = 3C5EC99A21102052009B263B /* UIImageView+KCWebImage.m */; };
		3C5ECA2A21102077009B263B /* KCWebImageManager.m in Sources */ = {isa = PBXBuildFile; fileRef = 3C5EC99B21102052009B263B /* KCWebImageManager.m */; };
		3C5ECA2B21102077009B263B /* KCTextKeyboardManager.m in Sources */ = {isa = PBXBuildFile; fileRef = 3C5EC99D21102052009B263B /* KCTextKeyboardManager.m */; };
		3C5ECA2C21102077009B263B /* NSNotificationCenter+KCAdd.m in Sources */ = {isa = PBXBuildFile; fileRef = 3C5EC99E21102053009B263B /* NSNotificationCenter+KCAdd.m */; };
		3C5ECA2D21102077009B263B /* NSParagraphStyle+KCText.m in Sources */ = {isa = PBXBuildFile; fileRef = 3C5EC9A121102054009B263B /* NSParagraphStyle+KCText.m */; };
		3C5ECA2E21102077009B263B /* UIGestureRecognizer+KCAdd.m in Sources */ = {isa = PBXBuildFile; fileRef = 3C5EC9A221102054009B263B /* UIGestureRecognizer+KCAdd.m */; };
		3C5ECA2F21102077009B263B /* KCAsyncLayer.m in Sources */ = {isa = PBXBuildFile; fileRef = 3C5EC9A521102055009B263B /* KCAsyncLayer.m */; };
		3C5ECA3021102077009B263B /* UIBarButtonItem+KCAdd.m in Sources */ = {isa = PBXBuildFile; fileRef = 3C5EC9A621102055009B263B /* UIBarButtonItem+KCAdd.m */; };
		3C5ECA3121102077009B263B /* MKAnnotationView+KCWebImage.m in Sources */ = {isa = PBXBuildFile; fileRef = 3C5EC9A721102055009B263B /* MKAnnotationView+KCWebImage.m */; };
		3C5ECA3221102077009B263B /* KCImage.m in Sources */ = {isa = PBXBuildFile; fileRef = 3C5EC9AA21102056009B263B /* KCImage.m */; };
		3C5ECA3321102077009B263B /* NSThread+KCAdd.m in Sources */ = {isa = PBXBuildFile; fileRef = 3C5EC9AC21102057009B263B /* NSThread+KCAdd.m */; };
		3C5ECA3421102077009B263B /* KCCache.m in Sources */ = {isa = PBXBuildFile; fileRef = 3C5EC9AD21102057009B263B /* KCCache.m */; };
		3C5ECA3521102077009B263B /* UIFont+KCAdd.m in Sources */ = {isa = PBXBuildFile; fileRef = 3C5EC9AE21102058009B263B /* UIFont+KCAdd.m */; };
		3C5ECA3621102077009B263B /* UIScrollView+KCAdd.m in Sources */ = {isa = PBXBuildFile; fileRef = 3C5EC9B121102059009B263B /* UIScrollView+KCAdd.m */; };
		3C5ECA3721102077009B263B /* KCTextView.m in Sources */ = {isa = PBXBuildFile; fileRef = 3C5EC9B221102059009B263B /* KCTextView.m */; };
		3C5ECA3821102077009B263B /* KCImageCoder.m in Sources */ = {isa = PBXBuildFile; fileRef = 3C5EC9B321102059009B263B /* KCImageCoder.m */; };
		3C5ECA3921102077009B263B /* KCMemoryCache.m in Sources */ = {isa = PBXBuildFile; fileRef = 3C5EC9B52110205A009B263B /* KCMemoryCache.m */; };
		3C5ECA3A21102077009B263B /* UIApplication+KCAdd.m in Sources */ = {isa = PBXBuildFile; fileRef = 3C5EC9B82110205B009B263B /* UIApplication+KCAdd.m */; };
		3C5ECA3B21102077009B263B /* KCWeakProxy.m in Sources */ = {isa = PBXBuildFile; fileRef = 3C5EC9BC2110205C009B263B /* KCWeakProxy.m */; };
		3C5ECA3C21102077009B263B /* KCTextLayout.m in Sources */ = {isa = PBXBuildFile; fileRef = 3C5EC9BE2110205D009B263B /* KCTextLayout.m */; };
		3C5ECA3D21102077009B263B /* UIPasteboard+KCText.m in Sources */ = {isa = PBXBuildFile; fileRef = 3C5EC9C02110205E009B263B /* UIPasteboard+KCText.m */; };
		3C5ECA3E21102077009B263B /* NSString+KCAdd.m in Sources */ = {isa = PBXBuildFile; fileRef = 3C5EC9C32110205E009B263B /* NSString+KCAdd.m */; };
		3C5ECA3F21102077009B263B /* UIColor+KCAdd.m in Sources */ = {isa = PBXBuildFile; fileRef = 3C5EC9C52110205F009B263B /* UIColor+KCAdd.m */; };
		3C5ECA4021102077009B263B /* NSDictionary+KCAdd.m in Sources */ = {isa = PBXBuildFile; fileRef = 3C5EC9C721102060009B263B /* NSDictionary+KCAdd.m */; };
		3C5ECA4121102077009B263B /* KCTextEffectWindow.m in Sources */ = {isa = PBXBuildFile; fileRef = 3C5EC9C921102060009B263B /* KCTextEffectWindow.m */; };
		3C5ECA4221102077009B263B /* UIBezierPath+KCAdd.m in Sources */ = {isa = PBXBuildFile; fileRef = 3C5EC9CA21102060009B263B /* UIBezierPath+KCAdd.m */; };
		3C5ECA4321102077009B263B /* KCReachability.m in Sources */ = {isa = PBXBuildFile; fileRef = 3C5EC9CB21102060009B263B /* KCReachability.m */; };
		3C5ECA4421102077009B263B /* KCTextLine.m in Sources */ = {isa = PBXBuildFile; fileRef = 3C5EC9CE21102062009B263B /* KCTextLine.m */; };
		3C5ECA4521102077009B263B /* KCAnimatedImageView.m in Sources */ = {isa = PBXBuildFile; fileRef = 3C5EC9D021102062009B263B /* KCAnimatedImageView.m */; };
		3C5ECA4621102077009B263B /* _KCWebImageSetter.m in Sources */ = {isa = PBXBuildFile; fileRef = 3C5EC9D421102063009B263B /* _KCWebImageSetter.m */; };
		3C5ECA4721102077009B263B /* KCTextMagnifier.m in Sources */ = {isa = PBXBuildFile; fileRef = 3C5EC9D921102065009B263B /* KCTextMagnifier.m */; };
		3C5ECA4821102077009B263B /* KCFileHash.m in Sources */ = {isa = PBXBuildFile; fileRef = 3C5EC9DA21102066009B263B /* KCFileHash.m */; };
		3C5ECA4921102077009B263B /* KCTextRunDelegate.m in Sources */ = {isa = PBXBuildFile; fileRef = 3C5EC9DD21102067009B263B /* KCTextRunDelegate.m */; };
		3C5ECA4A21102077009B263B /* KCLabel.m in Sources */ = {isa = PBXBuildFile; fileRef = 3C5EC9DF21102067009B263B /* KCLabel.m */; };
		3C5ECA4B21102077009B263B /* KCDispatchQueuePool.m in Sources */ = {isa = PBXBuildFile; fileRef = 3C5EC9E021102068009B263B /* KCDispatchQueuePool.m */; };
		3C5ECA4C21102077009B263B /* NSBundle+KCAdd.m in Sources */ = {isa = PBXBuildFile; fileRef = 3C5EC9E121102068009B263B /* NSBundle+KCAdd.m */; };
		3C5ECA4D21102077009B263B /* NSArray+KCAdd.m in Sources */ = {isa = PBXBuildFile; fileRef = 3C5EC9E221102068009B263B /* NSArray+KCAdd.m */; };
		3C5ECA4E21102077009B263B /* UIScreen+KCAdd.m in Sources */ = {isa = PBXBuildFile; fileRef = 3C5EC9E321102069009B263B /* UIScreen+KCAdd.m */; };
		3C5ECA4F21102077009B263B /* NSObject+KCAdd.m in Sources */ = {isa = PBXBuildFile; fileRef = 3C5EC9E521102069009B263B /* NSObject+KCAdd.m */; };
		3C5ECA5021102077009B263B /* KCTextArchiver.m in Sources */ = {isa = PBXBuildFile; fileRef = 3C5EC9E621102069009B263B /* KCTextArchiver.m */; };
		3C5ECA5121102077009B263B /* KCTextInput.m in Sources */ = {isa = PBXBuildFile; fileRef = 3C5EC9E72110206A009B263B /* KCTextInput.m */; };
		3C5ECA5221102077009B263B /* NSKeyedUnarchiver+KCAdd.m in Sources */ = {isa = PBXBuildFile; fileRef = 3C5EC9E82110206A009B263B /* NSKeyedUnarchiver+KCAdd.m */; };
		3C5ECA5321102077009B263B /* KCFrameImage.m in Sources */ = {isa = PBXBuildFile; fileRef = 3C5EC9E92110206A009B263B /* KCFrameImage.m */; };
		3C5ECA5421102077009B263B /* KCSpriteSheetImage.m in Sources */ = {isa = PBXBuildFile; fileRef = 3C5EC9EA2110206B009B263B /* KCSpriteSheetImage.m */; };
		3C5ECA5521102077009B263B /* NSAttributedString+KCText.m in Sources */ = {isa = PBXBuildFile; fileRef = 3C5EC9EC2110206B009B263B /* NSAttributedString+KCText.m */; };
		3C5ECA5621102077009B263B /* KCTextContainerView.m in Sources */ = {isa = PBXBuildFile; fileRef = 3C5EC9F12110206D009B263B /* KCTextContainerView.m */; };
		3C5ECA5721102077009B263B /* UITextField+KCAdd.m in Sources */ = {isa = PBXBuildFile; fileRef = 3C5EC9F62110206E009B263B /* UITextField+KCAdd.m */; };
		3C5ECA5821102077009B263B /* CALayer+KCAdd.m in Sources */ = {isa = PBXBuildFile; fileRef = 3C5EC9F72110206E009B263B /* CALayer+KCAdd.m */; };
		3C5ECA5921102077009B263B /* NSTimer+KCAdd.m in Sources */ = {isa = PBXBuildFile; fileRef = 3C5EC9F92110206F009B263B /* NSTimer+KCAdd.m */; };
		3C5ECA5A21102077009B263B /* KCTextDebugOption.m in Sources */ = {isa = PBXBuildFile; fileRef = 3C5EC9FA2110206F009B263B /* KCTextDebugOption.m */; };
		3C5ECA5B21102077009B263B /* KCDiskCache.m in Sources */ = {isa = PBXBuildFile; fileRef = 3C5EC9FB21102070009B263B /* KCDiskCache.m */; };
		3C5ECA5C21102077009B263B /* KCWebImageOperation.m in Sources */ = {isa = PBXBuildFile; fileRef = 3C5ECA0121102072009B263B /* KCWebImageOperation.m */; };
		3C5ECA5D21102077009B263B /* KCTextParser.m in Sources */ = {isa = PBXBuildFile; fileRef = 3C5ECA0321102072009B263B /* KCTextParser.m */; };
		3C5ECA5E21102077009B263B /* UIView+KCAdd.m in Sources */ = {isa = PBXBuildFile; fileRef = 3C5ECA0A21102074009B263B /* UIView+KCAdd.m */; };
		3C5ECA5F21102077009B263B /* NSDate+KCAdd.m in Sources */ = {isa = PBXBuildFile; fileRef = 3C5ECA0C21102074009B263B /* NSDate+KCAdd.m */; };
		3C5ECA6021102077009B263B /* UIButton+KCWebImage.m in Sources */ = {isa = PBXBuildFile; fileRef = 3C5ECA0D21102075009B263B /* UIButton+KCWebImage.m */; };
		3C5ECA6121102077009B263B /* KCKVStorage.m in Sources */ = {isa = PBXBuildFile; fileRef = 3C5ECA0F21102075009B263B /* KCKVStorage.m */; };
		3C5ECA6221102077009B263B /* KCTextSelectionView.m in Sources */ = {isa = PBXBuildFile; fileRef = 3C5ECA1021102076009B263B /* KCTextSelectionView.m */; };
		3C5ECA6321102077009B263B /* KCTextUtilities.m in Sources */ = {isa = PBXBuildFile; fileRef = 3C5ECA1121102076009B263B /* KCTextUtilities.m */; };
		3C5ECA6421102077009B263B /* KCTextAttribute.m in Sources */ = {isa = PBXBuildFile; fileRef = 3C5ECA1421102077009B263B /* KCTextAttribute.m */; };
/* End PBXBuildFile section */

/* Begin PBXFileReference section */
		3C5EC9752110204B009B263B /* UIScrollView+KCAdd.h */ = {isa = PBXFileReference; fileEncoding = 4; lastKnownFileType = sourcecode.c.h; path = "UIScrollView+KCAdd.h"; sourceTree = "<group>"; };
		3C5EC9762110204B009B263B /* NSBundle+KCAdd.h */ = {isa = PBXFileReference; fileEncoding = 4; lastKnownFileType = sourcecode.c.h; path = "NSBundle+KCAdd.h"; sourceTree = "<group>"; };
		3C5EC9772110204B009B263B /* NSNotificationCenter+KCAdd.h */ = {isa = PBXFileReference; fileEncoding = 4; lastKnownFileType = sourcecode.c.h; path = "NSNotificationCenter+KCAdd.h"; sourceTree = "<group>"; };
		3C5EC9782110204B009B263B /* NSData+KCAdd.m */ = {isa = PBXFileReference; fileEncoding = 4; lastKnownFileType = sourcecode.c.objc; path = "NSData+KCAdd.m"; sourceTree = "<group>"; };
		3C5EC9792110204B009B263B /* KCSafeArray.m */ = {isa = PBXFileReference; fileEncoding = 4; lastKnownFileType = sourcecode.c.objc; path = KCSafeArray.m; sourceTree = "<group>"; };
		3C5EC97A2110204C009B263B /* CALayer+KCWebImage.m */ = {isa = PBXFileReference; fileEncoding = 4; lastKnownFileType = sourcecode.c.objc; path = "CALayer+KCWebImage.m"; sourceTree = "<group>"; };
		3C5EC97B2110204C009B263B /* CALayer+KCWebImage.h */ = {isa = PBXFileReference; fileEncoding = 4; lastKnownFileType = sourcecode.c.h; path = "CALayer+KCWebImage.h"; sourceTree = "<group>"; };
		3C5EC97C2110204C009B263B /* UIPasteboard+KCText.h */ = {isa = PBXFileReference; fileEncoding = 4; lastKnownFileType = sourcecode.c.h; path = "UIPasteboard+KCText.h"; sourceTree = "<group>"; };
		3C5EC97D2110204C009B263B /* KCGestureRecognizer.m */ = {isa = PBXFileReference; fileEncoding = 4; lastKnownFileType = sourcecode.c.objc; path = KCGestureRecognizer.m; sourceTree = "<group>"; };
		3C5EC97E2110204D009B263B /* KCSpriteSheetImage.h */ = {isa = PBXFileReference; fileEncoding = 4; lastKnownFileType = sourcecode.c.h; path = KCSpriteSheetImage.h; sourceTree = "<group>"; };
		3C5EC97F2110204D009B263B /* KCWeakProxy.h */ = {isa = PBXFileReference; fileEncoding = 4; lastKnownFileType = sourcecode.c.h; path = KCWeakProxy.h; sourceTree = "<group>"; };
		3C5EC9802110204D009B263B /* KCTextRubyAnnotation.h */ = {isa = PBXFileReference; fileEncoding = 4; lastKnownFileType = sourcecode.c.h; path = KCTextRubyAnnotation.h; sourceTree = "<group>"; };
		3C5EC9812110204D009B263B /* KCTextRubyAnnotation.m */ = {isa = PBXFileReference; fileEncoding = 4; lastKnownFileType = sourcecode.c.objc; path = KCTextRubyAnnotation.m; sourceTree = "<group>"; };
		3C5EC9822110204D009B263B /* KCTransaction.m */ = {isa = PBXFileReference; fileEncoding = 4; lastKnownFileType = sourcecode.c.objc; path = KCTransaction.m; sourceTree = "<group>"; };
		3C5EC9832110204D009B263B /* NSNumber+KCAdd.m */ = {isa = PBXFileReference; fileEncoding = 4; lastKnownFileType = sourcecode.c.objc; path = "NSNumber+KCAdd.m"; sourceTree = "<group>"; };
		3C5EC9842110204D009B263B /* KCCGUtilities.m */ = {isa = PBXFileReference; fileEncoding = 4; lastKnownFileType = sourcecode.c.objc; path = KCCGUtilities.m; sourceTree = "<group>"; };
		3C5EC9852110204D009B263B /* UIDevice+KCAdd.m */ = {isa = PBXFileReference; fileEncoding = 4; lastKnownFileType = sourcecode.c.objc; path = "UIDevice+KCAdd.m"; sourceTree = "<group>"; };
		3C5EC9862110204E009B263B /* UIControl+KCAdd.m */ = {isa = PBXFileReference; fileEncoding = 4; lastKnownFileType = sourcecode.c.objc; path = "UIControl+KCAdd.m"; sourceTree = "<group>"; };
		3C5EC9872110204E009B263B /* KCKitMacro.h */ = {isa = PBXFileReference; fileEncoding = 4; lastKnownFileType = sourcecode.c.h; path = KCKitMacro.h; sourceTree = "<group>"; };
		3C5EC9882110204E009B263B /* UITableView+KCAdd.m */ = {isa = PBXFileReference; fileEncoding = 4; lastKnownFileType = sourcecode.c.objc; path = "UITableView+KCAdd.m"; sourceTree = "<group>"; };
		3C5EC9892110204E009B263B /* NSObject+KCModel.m */ = {isa = PBXFileReference; fileEncoding = 4; lastKnownFileType = sourcecode.c.objc; path = "NSObject+KCModel.m"; sourceTree = "<group>"; };
		3C5EC98A2110204E009B263B /* NSThread+KCAdd.h */ = {isa = PBXFileReference; fileEncoding = 4; lastKnownFileType = sourcecode.c.h; path = "NSThread+KCAdd.h"; sourceTree = "<group>"; };
		3C5EC98B2110204F009B263B /* UIImage+KCAdd.h */ = {isa = PBXFileReference; fileEncoding = 4; lastKnownFileType = sourcecode.c.h; path = "UIImage+KCAdd.h"; sourceTree = "<group>"; };
		3C5EC98C2110204F009B263B /* KCClassInfo.m */ = {isa = PBXFileReference; fileEncoding = 4; lastKnownFileType = sourcecode.c.objc; path = KCClassInfo.m; sourceTree = "<group>"; };
		3C5EC98D2110204F009B263B /* KCTextView.h */ = {isa = PBXFileReference; fileEncoding = 4; lastKnownFileType = sourcecode.c.h; path = KCTextView.h; sourceTree = "<group>"; };
		3C5EC98E2110204F009B263B /* UIFont+KCAdd.h */ = {isa = PBXFileReference; fileEncoding = 4; lastKnownFileType = sourcecode.c.h; path = "UIFont+KCAdd.h"; sourceTree = "<group>"; };
		3C5EC98F2110204F009B263B /* NSAttributedString+KCText.h */ = {isa = PBXFileReference; fileEncoding = 4; lastKnownFileType = sourcecode.c.h; path = "NSAttributedString+KCText.h"; sourceTree = "<group>"; };
		3C5EC99021102050009B263B /* UIImage+KCAdd.m */ = {isa = PBXFileReference; fileEncoding = 4; lastKnownFileType = sourcecode.c.objc; path = "UIImage+KCAdd.m"; sourceTree = "<group>"; };
		3C5EC99121102050009B263B /* KCTextLayout.h */ = {isa = PBXFileReference; fileEncoding = 4; lastKnownFileType = sourcecode.c.h; path = KCTextLayout.h; sourceTree = "<group>"; };
		3C5EC99221102050009B263B /* NSObject+KCAddForARC.m */ = {isa = PBXFileReference; fileEncoding = 4; lastKnownFileType = sourcecode.c.objc; path = "NSObject+KCAddForARC.m"; sourceTree = "<group>"; };
		3C5EC99321102050009B263B /* NSObject+KCAddForKVO.m */ = {isa = PBXFileReference; fileEncoding = 4; lastKnownFileType = sourcecode.c.objc; path = "NSObject+KCAddForKVO.m"; sourceTree = "<group>"; };
		3C5EC99421102050009B263B /* KCCGUtilities.h */ = {isa = PBXFileReference; fileEncoding = 4; lastKnownFileType = sourcecode.c.h; path = KCCGUtilities.h; sourceTree = "<group>"; };
		3C5EC99521102050009B263B /* KCImageCache.m */ = {isa = PBXFileReference; fileEncoding = 4; lastKnownFileType = sourcecode.c.objc; path = KCImageCache.m; sourceTree = "<group>"; };
		3C5EC99621102051009B263B /* KCCache.h */ = {isa = PBXFileReference; fileEncoding = 4; lastKnownFileType = sourcecode.c.h; path = KCCache.h; sourceTree = "<group>"; };
		3C5EC99721102051009B263B /* KCKit.h */ = {isa = PBXFileReference; fileEncoding = 4; lastKnownFileType = sourcecode.c.h; path = KCKit.h; sourceTree = "<group>"; };
		3C5EC99821102051009B263B /* KCSafeDictionary.m */ = {isa = PBXFileReference; fileEncoding = 4; lastKnownFileType = sourcecode.c.objc; path = KCSafeDictionary.m; sourceTree = "<group>"; };
		3C5EC99921102051009B263B /* KCSentinel.m */ = {isa = PBXFileReference; fileEncoding = 4; lastKnownFileType = sourcecode.c.objc; path = KCSentinel.m; sourceTree = "<group>"; };
		3C5EC99A21102052009B263B /* UIImageView+KCWebImage.m */ = {isa = PBXFileReference; fileEncoding = 4; lastKnownFileType = sourcecode.c.objc; path = "UIImageView+KCWebImage.m"; sourceTree = "<group>"; };
		3C5EC99B21102052009B263B /* KCWebImageManager.m */ = {isa = PBXFileReference; fileEncoding = 4; lastKnownFileType = sourcecode.c.objc; path = KCWebImageManager.m; sourceTree = "<group>"; };
		3C5EC99C21102052009B263B /* NSArray+KCAdd.h */ = {isa = PBXFileReference; fileEncoding = 4; lastKnownFileType = sourcecode.c.h; path = "NSArray+KCAdd.h"; sourceTree = "<group>"; };
		3C5EC99D21102052009B263B /* KCTextKeyboardManager.m */ = {isa = PBXFileReference; fileEncoding = 4; lastKnownFileType = sourcecode.c.objc; path = KCTextKeyboardManager.m; sourceTree = "<group>"; };
		3C5EC99E21102053009B263B /* NSNotificationCenter+KCAdd.m */ = {isa = PBXFileReference; fileEncoding = 4; lastKnownFileType = sourcecode.c.objc; path = "NSNotificationCenter+KCAdd.m"; sourceTree = "<group>"; };
		3C5EC99F21102053009B263B /* NSData+KCAdd.h */ = {isa = PBXFileReference; fileEncoding = 4; lastKnownFileType = sourcecode.c.h; path = "NSData+KCAdd.h"; sourceTree = "<group>"; };
		3C5EC9A021102053009B263B /* KCTextLine.h */ = {isa = PBXFileReference; fileEncoding = 4; lastKnownFileType = sourcecode.c.h; path = KCTextLine.h; sourceTree = "<group>"; };
		3C5EC9A121102054009B263B /* NSParagraphStyle+KCText.m */ = {isa = PBXFileReference; fileEncoding = 4; lastKnownFileType = sourcecode.c.objc; path = "NSParagraphStyle+KCText.m"; sourceTree = "<group>"; };
		3C5EC9A221102054009B263B /* UIGestureRecognizer+KCAdd.m */ = {isa = PBXFileReference; fileEncoding = 4; lastKnownFileType = sourcecode.c.objc; path = "UIGestureRecognizer+KCAdd.m"; sourceTree = "<group>"; };
		3C5EC9A321102054009B263B /* NSNumber+KCAdd.h */ = {isa = PBXFileReference; fileEncoding = 4; lastKnownFileType = sourcecode.c.h; path = "NSNumber+KCAdd.h"; sourceTree = "<group>"; };
		3C5EC9A421102054009B263B /* KCTextEffectWindow.h */ = {isa = PBXFileReference; fileEncoding = 4; lastKnownFileType = sourcecode.c.h; path = KCTextEffectWindow.h; sourceTree = "<group>"; };
		3C5EC9A521102055009B263B /* KCAsyncLayer.m */ = {isa = PBXFileReference; fileEncoding = 4; lastKnownFileType = sourcecode.c.objc; path = KCAsyncLayer.m; sourceTree = "<group>"; };
		3C5EC9A621102055009B263B /* UIBarButtonItem+KCAdd.m */ = {isa = PBXFileReference; fileEncoding = 4; lastKnownFileType = sourcecode.c.objc; path = "UIBarButtonItem+KCAdd.m"; sourceTree = "<group>"; };
		3C5EC9A721102055009B263B /* MKAnnotationView+KCWebImage.m */ = {isa = PBXFileReference; fileEncoding = 4; lastKnownFileType = sourcecode.c.objc; path = "MKAnnotationView+KCWebImage.m"; sourceTree = "<group>"; };
		3C5EC9A821102055009B263B /* CALayer+KCAdd.h */ = {isa = PBXFileReference; fileEncoding = 4; lastKnownFileType = sourcecode.c.h; path = "CALayer+KCAdd.h"; sourceTree = "<group>"; };
		3C5EC9A921102056009B263B /* KCDispatchQueuePool.h */ = {isa = PBXFileReference; fileEncoding = 4; lastKnownFileType = sourcecode.c.h; path = KCDispatchQueuePool.h; sourceTree = "<group>"; };
		3C5EC9AA21102056009B263B /* KCImage.m */ = {isa = PBXFileReference; fileEncoding = 4; lastKnownFileType = sourcecode.c.objc; path = KCImage.m; sourceTree = "<group>"; };
		3C5EC9AB21102056009B263B /* KCMemoryCache.h */ = {isa = PBXFileReference; fileEncoding = 4; lastKnownFileType = sourcecode.c.h; path = KCMemoryCache.h; sourceTree = "<group>"; };
		3C5EC9AC21102057009B263B /* NSThread+KCAdd.m */ = {isa = PBXFileReference; fileEncoding = 4; lastKnownFileType = sourcecode.c.objc; path = "NSThread+KCAdd.m"; sourceTree = "<group>"; };
		3C5EC9AD21102057009B263B /* KCCache.m */ = {isa = PBXFileReference; fileEncoding = 4; lastKnownFileType = sourcecode.c.objc; path = KCCache.m; sourceTree = "<group>"; };
		3C5EC9AE21102058009B263B /* UIFont+KCAdd.m */ = {isa = PBXFileReference; fileEncoding = 4; lastKnownFileType = sourcecode.c.objc; path = "UIFont+KCAdd.m"; sourceTree = "<group>"; };
		3C5EC9AF21102058009B263B /* KCTextArchiver.h */ = {isa = PBXFileReference; fileEncoding = 4; lastKnownFileType = sourcecode.c.h; path = KCTextArchiver.h; sourceTree = "<group>"; };
		3C5EC9B021102058009B263B /* KCWebImageOperation.h */ = {isa = PBXFileReference; fileEncoding = 4; lastKnownFileType = sourcecode.c.h; path = KCWebImageOperation.h; sourceTree = "<group>"; };
		3C5EC9B121102059009B263B /* UIScrollView+KCAdd.m */ = {isa = PBXFileReference; fileEncoding = 4; lastKnownFileType = sourcecode.c.objc; path = "UIScrollView+KCAdd.m"; sourceTree = "<group>"; };
		3C5EC9B221102059009B263B /* KCTextView.m */ = {isa = PBXFileReference; fileEncoding = 4; lastKnownFileType = sourcecode.c.objc; path = KCTextView.m; sourceTree = "<group>"; };
		3C5EC9B321102059009B263B /* KCImageCoder.m */ = {isa = PBXFileReference; fileEncoding = 4; lastKnownFileType = sourcecode.c.objc; path = KCImageCoder.m; sourceTree = "<group>"; };
		3C5EC9B42110205A009B263B /* NSObject+KCAddForARC.h */ = {isa = PBXFileReference; fileEncoding = 4; lastKnownFileType = sourcecode.c.h; path = "NSObject+KCAddForARC.h"; sourceTree = "<group>"; };
		3C5EC9B52110205A009B263B /* KCMemoryCache.m */ = {isa = PBXFileReference; fileEncoding = 4; lastKnownFileType = sourcecode.c.objc; path = KCMemoryCache.m; sourceTree = "<group>"; };
		3C5EC9B62110205A009B263B /* NSObject+KCModel.h */ = {isa = PBXFileReference; fileEncoding = 4; lastKnownFileType = sourcecode.c.h; path = "NSObject+KCModel.h"; sourceTree = "<group>"; };
		3C5EC9B72110205B009B263B /* NSParagraphStyle+KCText.h */ = {isa = PBXFileReference; fileEncoding = 4; lastKnownFileType = sourcecode.c.h; path = "NSParagraphStyle+KCText.h"; sourceTree = "<group>"; };
		3C5EC9B82110205B009B263B /* UIApplication+KCAdd.m */ = {isa = PBXFileReference; fileEncoding = 4; lastKnownFileType = sourcecode.c.objc; path = "UIApplication+KCAdd.m"; sourceTree = "<group>"; };
		3C5EC9B92110205B009B263B /* UIImageView+KCWebImage.h */ = {isa = PBXFileReference; fileEncoding = 4; lastKnownFileType = sourcecode.c.h; path = "UIImageView+KCWebImage.h"; sourceTree = "<group>"; };
		3C5EC9BA2110205C009B263B /* KCAsyncLayer.h */ = {isa = PBXFileReference; fileEncoding = 4; lastKnownFileType = sourcecode.c.h; path = KCAsyncLayer.h; sourceTree = "<group>"; };
		3C5EC9BB2110205C009B263B /* KCTextAttribute.h */ = {isa = PBXFileReference; fileEncoding = 4; lastKnownFileType = sourcecode.c.h; path = KCTextAttribute.h; sourceTree = "<group>"; };
		3C5EC9BC2110205C009B263B /* KCWeakProxy.m */ = {isa = PBXFileReference; fileEncoding = 4; lastKnownFileType = sourcecode.c.objc; path = KCWeakProxy.m; sourceTree = "<group>"; };
		3C5EC9BD2110205D009B263B /* KCTransaction.h */ = {isa = PBXFileReference; fileEncoding = 4; lastKnownFileType = sourcecode.c.h; path = KCTransaction.h; sourceTree = "<group>"; };
		3C5EC9BE2110205D009B263B /* KCTextLayout.m */ = {isa = PBXFileReference; fileEncoding = 4; lastKnownFileType = sourcecode.c.objc; path = KCTextLayout.m; sourceTree = "<group>"; };
		3C5EC9BF2110205D009B263B /* NSDictionary+KCAdd.h */ = {isa = PBXFileReference; fileEncoding = 4; lastKnownFileType = sourcecode.c.h; path = "NSDictionary+KCAdd.h"; sourceTree = "<group>"; };
		3C5EC9C02110205E009B263B /* UIPasteboard+KCText.m */ = {isa = PBXFileReference; fileEncoding = 4; lastKnownFileType = sourcecode.c.objc; path = "UIPasteboard+KCText.m"; sourceTree = "<group>"; };
		3C5EC9C12110205E009B263B /* UITableView+KCAdd.h */ = {isa = PBXFileReference; fileEncoding = 4; lastKnownFileType = sourcecode.c.h; path = "UITableView+KCAdd.h"; sourceTree = "<group>"; };
		3C5EC9C22110205E009B263B /* KCReachability.h */ = {isa = PBXFileReference; fileEncoding = 4; lastKnownFileType = sourcecode.c.h; path = KCReachability.h; sourceTree = "<group>"; };
		3C5EC9C32110205E009B263B /* NSString+KCAdd.m */ = {isa = PBXFileReference; fileEncoding = 4; lastKnownFileType = sourcecode.c.objc; path = "NSString+KCAdd.m"; sourceTree = "<group>"; };
		3C5EC9C42110205F009B263B /* KCImageCoder.h */ = {isa = PBXFileReference; fileEncoding = 4; lastKnownFileType = sourcecode.c.h; path = KCImageCoder.h; sourceTree = "<group>"; };
		3C5EC9C52110205F009B263B /* UIColor+KCAdd.m */ = {isa = PBXFileReference; fileEncoding = 4; lastKnownFileType = sourcecode.c.objc; path = "UIColor+KCAdd.m"; sourceTree = "<group>"; };
		3C5EC9C62110205F009B263B /* NSObject+KCAdd.h */ = {isa = PBXFileReference; fileEncoding = 4; lastKnownFileType = sourcecode.c.h; path = "NSObject+KCAdd.h"; sourceTree = "<group>"; };
		3C5EC9C721102060009B263B /* NSDictionary+KCAdd.m */ = {isa = PBXFileReference; fileEncoding = 4; lastKnownFileType = sourcecode.c.objc; path = "NSDictionary+KCAdd.m"; sourceTree = "<group>"; };
		3C5EC9C821102060009B263B /* UIApplication+KCAdd.h */ = {isa = PBXFileReference; fileEncoding = 4; lastKnownFileType = sourcecode.c.h; path = "UIApplication+KCAdd.h"; sourceTree = "<group>"; };
		3C5EC9C921102060009B263B /* KCTextEffectWindow.m */ = {isa = PBXFileReference; fileEncoding = 4; lastKnownFileType = sourcecode.c.objc; path = KCTextEffectWindow.m; sourceTree = "<group>"; };
		3C5EC9CA21102060009B263B /* UIBezierPath+KCAdd.m */ = {isa = PBXFileReference; fileEncoding = 4; lastKnownFileType = sourcecode.c.objc; path = "UIBezierPath+KCAdd.m"; sourceTree = "<group>"; };
		3C5EC9CB21102060009B263B /* KCReachability.m */ = {isa = PBXFileReference; fileEncoding = 4; lastKnownFileType = sourcecode.c.objc; path = KCReachability.m; sourceTree = "<group>"; };
		3C5EC9CC21102061009B263B /* KCClassInfo.h */ = {isa = PBXFileReference; fileEncoding = 4; lastKnownFileType = sourcecode.c.h; path = KCClassInfo.h; sourceTree = "<group>"; };
		3C5EC9CD21102061009B263B /* KCSafeDictionary.h */ = {isa = PBXFileReference; fileEncoding = 4; lastKnownFileType = sourcecode.c.h; path = KCSafeDictionary.h; sourceTree = "<group>"; };
		3C5EC9CE21102062009B263B /* KCTextLine.m */ = {isa = PBXFileReference; fileEncoding = 4; lastKnownFileType = sourcecode.c.objc; path = KCTextLine.m; sourceTree = "<group>"; };
		3C5EC9CF21102062009B263B /* KCImage.h */ = {isa = PBXFileReference; fileEncoding = 4; lastKnownFileType = sourcecode.c.h; path = KCImage.h; sourceTree = "<group>"; };
		3C5EC9D021102062009B263B /* KCAnimatedImageView.m */ = {isa = PBXFileReference; fileEncoding = 4; lastKnownFileType = sourcecode.c.objc; path = KCAnimatedImageView.m; sourceTree = "<group>"; };
		3C5EC9D121102063009B263B /* _KCWebImageSetter.h */ = {isa = PBXFileReference; fileEncoding = 4; lastKnownFileType = sourcecode.c.h; path = _KCWebImageSetter.h; sourceTree = "<group>"; };
		3C5EC9D221102063009B263B /* KCDiskCache.h */ = {isa = PBXFileReference; fileEncoding = 4; lastKnownFileType = sourcecode.c.h; path = KCDiskCache.h; sourceTree = "<group>"; };
		3C5EC9D321102063009B263B /* KCFileHash.h */ = {isa = PBXFileReference; fileEncoding = 4; lastKnownFileType = sourcecode.c.h; path = KCFileHash.h; sourceTree = "<group>"; };
		3C5EC9D421102063009B263B /* _KCWebImageSetter.m */ = {isa = PBXFileReference; fileEncoding = 4; lastKnownFileType = sourcecode.c.objc; path = _KCWebImageSetter.m; sourceTree = "<group>"; };
		3C5EC9D521102064009B263B /* KCTextInput.h */ = {isa = PBXFileReference; fileEncoding = 4; lastKnownFileType = sourcecode.c.h; path = KCTextInput.h; sourceTree = "<group>"; };
		3C5EC9D621102064009B263B /* NSTimer+KCAdd.h */ = {isa = PBXFileReference; fileEncoding = 4; lastKnownFileType = sourcecode.c.h; path = "NSTimer+KCAdd.h"; sourceTree = "<group>"; };
		3C5EC9D721102065009B263B /* UIButton+KCWebImage.h */ = {isa = PBXFileReference; fileEncoding = 4; lastKnownFileType = sourcecode.c.h; path = "UIButton+KCWebImage.h"; sourceTree = "<group>"; };
		3C5EC9D821102065009B263B /* KCAssertDefine.h */ = {isa = PBXFileReference; fileEncoding = 4; lastKnownFileType = sourcecode.c.h; path = KCAssertDefine.h; sourceTree = "<group>"; };
		3C5EC9D921102065009B263B /* KCTextMagnifier.m */ = {isa = PBXFileReference; fileEncoding = 4; lastKnownFileType = sourcecode.c.objc; path = KCTextMagnifier.m; sourceTree = "<group>"; };
		3C5EC9DA21102066009B263B /* KCFileHash.m */ = {isa = PBXFileReference; fileEncoding = 4; lastKnownFileType = sourcecode.c.objc; path = KCFileHash.m; sourceTree = "<group>"; };
		3C5EC9DB21102066009B263B /* UIBarButtonItem+KCAdd.h */ = {isa = PBXFileReference; fileEncoding = 4; lastKnownFileType = sourcecode.c.h; path = "UIBarButtonItem+KCAdd.h"; sourceTree = "<group>"; };
		3C5EC9DC21102066009B263B /* KCImageCache.h */ = {isa = PBXFileReference; fileEncoding = 4; lastKnownFileType = sourcecode.c.h; path = KCImageCache.h; sourceTree = "<group>"; };
		3C5EC9DD21102067009B263B /* KCTextRunDelegate.m */ = {isa = PBXFileReference; fileEncoding = 4; lastKnownFileType = sourcecode.c.objc; path = KCTextRunDelegate.m; sourceTree = "<group>"; };
		3C5EC9DE21102067009B263B /* UIColor+KCAdd.h */ = {isa = PBXFileReference; fileEncoding = 4; lastKnownFileType = sourcecode.c.h; path = "UIColor+KCAdd.h"; sourceTree = "<group>"; };
		3C5EC9DF21102067009B263B /* KCLabel.m */ = {isa = PBXFileReference; fileEncoding = 4; lastKnownFileType = sourcecode.c.objc; path = KCLabel.m; sourceTree = "<group>"; };
		3C5EC9E021102068009B263B /* KCDispatchQueuePool.m */ = {isa = PBXFileReference; fileEncoding = 4; lastKnownFileType = sourcecode.c.objc; path = KCDispatchQueuePool.m; sourceTree = "<group>"; };
		3C5EC9E121102068009B263B /* NSBundle+KCAdd.m */ = {isa = PBXFileReference; fileEncoding = 4; lastKnownFileType = sourcecode.c.objc; path = "NSBundle+KCAdd.m"; sourceTree = "<group>"; };
		3C5EC9E221102068009B263B /* NSArray+KCAdd.m */ = {isa = PBXFileReference; fileEncoding = 4; lastKnownFileType = sourcecode.c.objc; path = "NSArray+KCAdd.m"; sourceTree = "<group>"; };
		3C5EC9E321102069009B263B /* UIScreen+KCAdd.m */ = {isa = PBXFileReference; fileEncoding = 4; lastKnownFileType = sourcecode.c.objc; path = "UIScreen+KCAdd.m"; sourceTree = "<group>"; };
		3C5EC9E421102069009B263B /* KCAnimatedImageView.h */ = {isa = PBXFileReference; fileEncoding = 4; lastKnownFileType = sourcecode.c.h; path = KCAnimatedImageView.h; sourceTree = "<group>"; };
		3C5EC9E521102069009B263B /* NSObject+KCAdd.m */ = {isa = PBXFileReference; fileEncoding = 4; lastKnownFileType = sourcecode.c.objc; path = "NSObject+KCAdd.m"; sourceTree = "<group>"; };
		3C5EC9E621102069009B263B /* KCTextArchiver.m */ = {isa = PBXFileReference; fileEncoding = 4; lastKnownFileType = sourcecode.c.objc; path = KCTextArchiver.m; sourceTree = "<group>"; };
		3C5EC9E72110206A009B263B /* KCTextInput.m */ = {isa = PBXFileReference; fileEncoding = 4; lastKnownFileType = sourcecode.c.objc; path = KCTextInput.m; sourceTree = "<group>"; };
		3C5EC9E82110206A009B263B /* NSKeyedUnarchiver+KCAdd.m */ = {isa = PBXFileReference; fileEncoding = 4; lastKnownFileType = sourcecode.c.objc; path = "NSKeyedUnarchiver+KCAdd.m"; sourceTree = "<group>"; };
		3C5EC9E92110206A009B263B /* KCFrameImage.m */ = {isa = PBXFileReference; fileEncoding = 4; lastKnownFileType = sourcecode.c.objc; path = KCFrameImage.m; sourceTree = "<group>"; };
		3C5EC9EA2110206B009B263B /* KCSpriteSheetImage.m */ = {isa = PBXFileReference; fileEncoding = 4; lastKnownFileType = sourcecode.c.objc; path = KCSpriteSheetImage.m; sourceTree = "<group>"; };
		3C5EC9EB2110206B009B263B /* KCTextKeyboardManager.h */ = {isa = PBXFileReference; fileEncoding = 4; lastKnownFileType = sourcecode.c.h; path = KCTextKeyboardManager.h; sourceTree = "<group>"; };
		3C5EC9EC2110206B009B263B /* NSAttributedString+KCText.m */ = {isa = PBXFileReference; fileEncoding = 4; lastKnownFileType = sourcecode.c.objc; path = "NSAttributedString+KCText.m"; sourceTree = "<group>"; };
		3C5EC9ED2110206C009B263B /* UIBezierPath+KCAdd.h */ = {isa = PBXFileReference; fileEncoding = 4; lastKnownFileType = sourcecode.c.h; path = "UIBezierPath+KCAdd.h"; sourceTree = "<group>"; };
		3C5EC9EE2110206C009B263B /* KCTextSelectionView.h */ = {isa = PBXFileReference; fileEncoding = 4; lastKnownFileType = sourcecode.c.h; path = KCTextSelectionView.h; sourceTree = "<group>"; };
		3C5EC9EF2110206C009B263B /* NSDate+KCAdd.h */ = {isa = PBXFileReference; fileEncoding = 4; lastKnownFileType = sourcecode.c.h; path = "NSDate+KCAdd.h"; sourceTree = "<group>"; };
		3C5EC9F02110206D009B263B /* KCKVStorage.h */ = {isa = PBXFileReference; fileEncoding = 4; lastKnownFileType = sourcecode.c.h; path = KCKVStorage.h; sourceTree = "<group>"; };
		3C5EC9F12110206D009B263B /* KCTextContainerView.m */ = {isa = PBXFileReference; fileEncoding = 4; lastKnownFileType = sourcecode.c.objc; path = KCTextContainerView.m; sourceTree = "<group>"; };
		3C5EC9F22110206D009B263B /* MKAnnotationView+KCWebImage.h */ = {isa = PBXFileReference; fileEncoding = 4; lastKnownFileType = sourcecode.c.h; path = "MKAnnotationView+KCWebImage.h"; sourceTree = "<group>"; };
		3C5EC9F32110206D009B263B /* NSObject+KCAddForKVO.h */ = {isa = PBXFileReference; fileEncoding = 4; lastKnownFileType = sourcecode.c.h; path = "NSObject+KCAddForKVO.h"; sourceTree = "<group>"; };
		3C5EC9F42110206E009B263B /* UIDevice+KCAdd.h */ = {isa = PBXFileReference; fileEncoding = 4; lastKnownFileType = sourcecode.c.h; path = "UIDevice+KCAdd.h"; sourceTree = "<group>"; };
		3C5EC9F52110206E009B263B /* NSString+KCAdd.h */ = {isa = PBXFileReference; fileEncoding = 4; lastKnownFileType = sourcecode.c.h; path = "NSString+KCAdd.h"; sourceTree = "<group>"; };
		3C5EC9F62110206E009B263B /* UITextField+KCAdd.m */ = {isa = PBXFileReference; fileEncoding = 4; lastKnownFileType = sourcecode.c.objc; path = "UITextField+KCAdd.m"; sourceTree = "<group>"; };
		3C5EC9F72110206E009B263B /* CALayer+KCAdd.m */ = {isa = PBXFileReference; fileEncoding = 4; lastKnownFileType = sourcecode.c.objc; path = "CALayer+KCAdd.m"; sourceTree = "<group>"; };
		3C5EC9F82110206F009B263B /* KCTextMagnifier.h */ = {isa = PBXFileReference; fileEncoding = 4; lastKnownFileType = sourcecode.c.h; path = KCTextMagnifier.h; sourceTree = "<group>"; };
		3C5EC9F92110206F009B263B /* NSTimer+KCAdd.m */ = {isa = PBXFileReference; fileEncoding = 4; lastKnownFileType = sourcecode.c.objc; path = "NSTimer+KCAdd.m"; sourceTree = "<group>"; };
		3C5EC9FA2110206F009B263B /* KCTextDebugOption.m */ = {isa = PBXFileReference; fileEncoding = 4; lastKnownFileType = sourcecode.c.objc; path = KCTextDebugOption.m; sourceTree = "<group>"; };
		3C5EC9FB21102070009B263B /* KCDiskCache.m */ = {isa = PBXFileReference; fileEncoding = 4; lastKnownFileType = sourcecode.c.objc; path = KCDiskCache.m; sourceTree = "<group>"; };
		3C5EC9FC21102070009B263B /* KCFrameImage.h */ = {isa = PBXFileReference; fileEncoding = 4; lastKnownFileType = sourcecode.c.h; path = KCFrameImage.h; sourceTree = "<group>"; };
		3C5EC9FD21102070009B263B /* KCLabel.h */ = {isa = PBXFileReference; fileEncoding = 4; lastKnownFileType = sourcecode.c.h; path = KCLabel.h; sourceTree = "<group>"; };
		3C5EC9FE21102070009B263B /* UIScreen+KCAdd.h */ = {isa = PBXFileReference; fileEncoding = 4; lastKnownFileType = sourcecode.c.h; path = "UIScreen+KCAdd.h"; sourceTree = "<group>"; };
		3C5EC9FF21102070009B263B /* UIView+KCAdd.h */ = {isa = PBXFileReference; fileEncoding = 4; lastKnownFileType = sourcecode.c.h; path = "UIView+KCAdd.h"; sourceTree = "<group>"; };
		3C5ECA0021102071009B263B /* KCTextDebugOption.h */ = {isa = PBXFileReference; fileEncoding = 4; lastKnownFileType = sourcecode.c.h; path = KCTextDebugOption.h; sourceTree = "<group>"; };
		3C5ECA0121102072009B263B /* KCWebImageOperation.m */ = {isa = PBXFileReference; fileEncoding = 4; lastKnownFileType = sourcecode.c.objc; path = KCWebImageOperation.m; sourceTree = "<group>"; };
		3C5ECA0221102072009B263B /* KCTextContainerView.h */ = {isa = PBXFileReference; fileEncoding = 4; lastKnownFileType = sourcecode.c.h; path = KCTextContainerView.h; sourceTree = "<group>"; };
		3C5ECA0321102072009B263B /* KCTextParser.m */ = {isa = PBXFileReference; fileEncoding = 4; lastKnownFileType = sourcecode.c.objc; path = KCTextParser.m; sourceTree = "<group>"; };
		3C5ECA0421102072009B263B /* KCGestureRecognizer.h */ = {isa = PBXFileReference; fileEncoding = 4; lastKnownFileType = sourcecode.c.h; path = KCGestureRecognizer.h; sourceTree = "<group>"; };
		3C5ECA0521102073009B263B /* UIControl+KCAdd.h */ = {isa = PBXFileReference; fileEncoding = 4; lastKnownFileType = sourcecode.c.h; path = "UIControl+KCAdd.h"; sourceTree = "<group>"; };
		3C5ECA0621102073009B263B /* UIGestureRecognizer+KCAdd.h */ = {isa = PBXFileReference; fileEncoding = 4; lastKnownFileType = sourcecode.c.h; path = "UIGestureRecognizer+KCAdd.h"; sourceTree = "<group>"; };
		3C5ECA0721102073009B263B /* UITextField+KCAdd.h */ = {isa = PBXFileReference; fileEncoding = 4; lastKnownFileType = sourcecode.c.h; path = "UITextField+KCAdd.h"; sourceTree = "<group>"; };
		3C5ECA0821102074009B263B /* KCSafeArray.h */ = {isa = PBXFileReference; fileEncoding = 4; lastKnownFileType = sourcecode.c.h; path = KCSafeArray.h; sourceTree = "<group>"; };
		3C5ECA0921102074009B263B /* NSKeyedUnarchiver+KCAdd.h */ = {isa = PBXFileReference; fileEncoding = 4; lastKnownFileType = sourcecode.c.h; path = "NSKeyedUnarchiver+KCAdd.h"; sourceTree = "<group>"; };
		3C5ECA0A21102074009B263B /* UIView+KCAdd.m */ = {isa = PBXFileReference; fileEncoding = 4; lastKnownFileType = sourcecode.c.objc; path = "UIView+KCAdd.m"; sourceTree = "<group>"; };
		3C5ECA0B21102074009B263B /* KCSentinel.h */ = {isa = PBXFileReference; fileEncoding = 4; lastKnownFileType = sourcecode.c.h; path = KCSentinel.h; sourceTree = "<group>"; };
		3C5ECA0C21102074009B263B /* NSDate+KCAdd.m */ = {isa = PBXFileReference; fileEncoding = 4; lastKnownFileType = sourcecode.c.objc; path = "NSDate+KCAdd.m"; sourceTree = "<group>"; };
		3C5ECA0D21102075009B263B /* UIButton+KCWebImage.m */ = {isa = PBXFileReference; fileEncoding = 4; lastKnownFileType = sourcecode.c.objc; path = "UIButton+KCWebImage.m"; sourceTree = "<group>"; };
		3C5ECA0E21102075009B263B /* KCTextParser.h */ = {isa = PBXFileReference; fileEncoding = 4; lastKnownFileType = sourcecode.c.h; path = KCTextParser.h; sourceTree = "<group>"; };
		3C5ECA0F21102075009B263B /* KCKVStorage.m */ = {isa = PBXFileReference; fileEncoding = 4; lastKnownFileType = sourcecode.c.objc; path = KCKVStorage.m; sourceTree = "<group>"; };
		3C5ECA1021102076009B263B /* KCTextSelectionView.m */ = {isa = PBXFileReference; fileEncoding = 4; lastKnownFileType = sourcecode.c.objc; path = KCTextSelectionView.m; sourceTree = "<group>"; };
		3C5ECA1121102076009B263B /* KCTextUtilities.m */ = {isa = PBXFileReference; fileEncoding = 4; lastKnownFileType = sourcecode.c.objc; path = KCTextUtilities.m; sourceTree = "<group>"; };
		3C5ECA1221102076009B263B /* KCWebImageManager.h */ = {isa = PBXFileReference; fileEncoding = 4; lastKnownFileType = sourcecode.c.h; path = KCWebImageManager.h; sourceTree = "<group>"; };
		3C5ECA1321102076009B263B /* KCTextUtilities.h */ = {isa = PBXFileReference; fileEncoding = 4; lastKnownFileType = sourcecode.c.h; path = KCTextUtilities.h; sourceTree = "<group>"; };
		3C5ECA1421102077009B263B /* KCTextAttribute.m */ = {isa = PBXFileReference; fileEncoding = 4; lastKnownFileType = sourcecode.c.objc; path = KCTextAttribute.m; sourceTree = "<group>"; };
		3C5ECA1521102077009B263B /* KCTextRunDelegate.h */ = {isa = PBXFileReference; fileEncoding = 4; lastKnownFileType = sourcecode.c.h; path = KCTextRunDelegate.h; sourceTree = "<group>"; };
		3C5ECA65211022E5009B263B /* KCCKit.h */ = {isa = PBXFileReference; lastKnownFileType = sourcecode.c.h; path = KCCKit.h; sourceTree = "<group>"; };
		3CC822262110173F00874993 /* KCCKit.app */ = {isa = PBXFileReference; explicitFileType = wrapper.application; includeInIndex = 0; path = KCCKit.app; sourceTree = BUILT_PRODUCTS_DIR; };
/* End PBXFileReference section */

/* Begin PBXFrameworksBuildPhase section */
		3CC822232110173F00874993 /* Frameworks */ = {
			isa = PBXFrameworksBuildPhase;
			buildActionMask = 2147483647;
			files = (
			);
			runOnlyForDeploymentPostprocessing = 0;
		};
/* End PBXFrameworksBuildPhase section */

/* Begin PBXGroup section */
		3CC8221D2110173F00874993 = {
			isa = PBXGroup;
			children = (
				3CC822282110173F00874993 /* KCCKit */,
				3CC822272110173F00874993 /* Products */,
			);
			sourceTree = "<group>";
		};
		3CC822272110173F00874993 /* Products */ = {
			isa = PBXGroup;
			children = (
				3CC822262110173F00874993 /* KCCKit.app */,
			);
			name = Products;
			sourceTree = "<group>";
		};
		3CC822282110173F00874993 /* KCCKit */ = {
			isa = PBXGroup;
			children = (
				3C5EC99721102051009B263B /* KCKit.h */,
				3C5ECA65211022E5009B263B /* KCCKit.h */,
				3C5EC9D121102063009B263B /* _KCWebImageSetter.h */,
				3C5EC9D421102063009B263B /* _KCWebImageSetter.m */,
				3C5EC9A821102055009B263B /* CALayer+KCAdd.h */,
				3C5EC9F72110206E009B263B /* CALayer+KCAdd.m */,
				3C5EC97B2110204C009B263B /* CALayer+KCWebImage.h */,
				3C5EC97A2110204C009B263B /* CALayer+KCWebImage.m */,
				3C5EC9E421102069009B263B /* KCAnimatedImageView.h */,
				3C5EC9D021102062009B263B /* KCAnimatedImageView.m */,
				3C5EC9D821102065009B263B /* KCAssertDefine.h */,
				3C5EC9BA2110205C009B263B /* KCAsyncLayer.h */,
				3C5EC9A521102055009B263B /* KCAsyncLayer.m */,
				3C5EC99621102051009B263B /* KCCache.h */,
				3C5EC9AD21102057009B263B /* KCCache.m */,
				3C5EC99421102050009B263B /* KCCGUtilities.h */,
				3C5EC9842110204D009B263B /* KCCGUtilities.m */,
				3C5EC9CC21102061009B263B /* KCClassInfo.h */,
				3C5EC98C2110204F009B263B /* KCClassInfo.m */,
				3C5EC9D221102063009B263B /* KCDiskCache.h */,
				3C5EC9FB21102070009B263B /* KCDiskCache.m */,
				3C5EC9A921102056009B263B /* KCDispatchQueuePool.h */,
				3C5EC9E021102068009B263B /* KCDispatchQueuePool.m */,
				3C5EC9D321102063009B263B /* KCFileHash.h */,
				3C5EC9DA21102066009B263B /* KCFileHash.m */,
				3C5EC9FC21102070009B263B /* KCFrameImage.h */,
				3C5EC9E92110206A009B263B /* KCFrameImage.m */,
				3C5ECA0421102072009B263B /* KCGestureRecognizer.h */,
				3C5EC97D2110204C009B263B /* KCGestureRecognizer.m */,
				3C5EC9CF21102062009B263B /* KCImage.h */,
				3C5EC9AA21102056009B263B /* KCImage.m */,
				3C5EC9DC21102066009B263B /* KCImageCache.h */,
				3C5EC99521102050009B263B /* KCImageCache.m */,
				3C5EC9C42110205F009B263B /* KCImageCoder.h */,
				3C5EC9B321102059009B263B /* KCImageCoder.m */,
				3C5EC9872110204E009B263B /* KCKitMacro.h */,
				3C5EC9F02110206D009B263B /* KCKVStorage.h */,
				3C5ECA0F21102075009B263B /* KCKVStorage.m */,
				3C5EC9FD21102070009B263B /* KCLabel.h */,
				3C5EC9DF21102067009B263B /* KCLabel.m */,
				3C5EC9AB21102056009B263B /* KCMemoryCache.h */,
				3C5EC9B52110205A009B263B /* KCMemoryCache.m */,
				3C5EC9C22110205E009B263B /* KCReachability.h */,
				3C5EC9CB21102060009B263B /* KCReachability.m */,
				3C5ECA0821102074009B263B /* KCSafeArray.h */,
				3C5EC9792110204B009B263B /* KCSafeArray.m */,
				3C5EC9CD21102061009B263B /* KCSafeDictionary.h */,
				3C5EC99821102051009B263B /* KCSafeDictionary.m */,
				3C5ECA0B21102074009B263B /* KCSentinel.h */,
				3C5EC99921102051009B263B /* KCSentinel.m */,
				3C5EC97E2110204D009B263B /* KCSpriteSheetImage.h */,
				3C5EC9EA2110206B009B263B /* KCSpriteSheetImage.m */,
				3C5EC9AF21102058009B263B /* KCTextArchiver.h */,
				3C5EC9E621102069009B263B /* KCTextArchiver.m */,
				3C5EC9BB2110205C009B263B /* KCTextAttribute.h */,
				3C5ECA1421102077009B263B /* KCTextAttribute.m */,
				3C5ECA0221102072009B263B /* KCTextContainerView.h */,
				3C5EC9F12110206D009B263B /* KCTextContainerView.m */,
				3C5ECA0021102071009B263B /* KCTextDebugOption.h */,
				3C5EC9FA2110206F009B263B /* KCTextDebugOption.m */,
				3C5EC9A421102054009B263B /* KCTextEffectWindow.h */,
				3C5EC9C921102060009B263B /* KCTextEffectWindow.m */,
				3C5EC9D521102064009B263B /* KCTextInput.h */,
				3C5EC9E72110206A009B263B /* KCTextInput.m */,
				3C5EC9EB2110206B009B263B /* KCTextKeyboardManager.h */,
				3C5EC99D21102052009B263B /* KCTextKeyboardManager.m */,
				3C5EC99121102050009B263B /* KCTextLayout.h */,
				3C5EC9BE2110205D009B263B /* KCTextLayout.m */,
				3C5EC9A021102053009B263B /* KCTextLine.h */,
				3C5EC9CE21102062009B263B /* KCTextLine.m */,
				3C5EC9F82110206F009B263B /* KCTextMagnifier.h */,
				3C5EC9D921102065009B263B /* KCTextMagnifier.m */,
				3C5ECA0E21102075009B263B /* KCTextParser.h */,
				3C5ECA0321102072009B263B /* KCTextParser.m */,
				3C5EC9802110204D009B263B /* KCTextRubyAnnotation.h */,
				3C5EC9812110204D009B263B /* KCTextRubyAnnotation.m */,
				3C5ECA1521102077009B263B /* KCTextRunDelegate.h */,
				3C5EC9DD21102067009B263B /* KCTextRunDelegate.m */,
				3C5EC9EE2110206C009B263B /* KCTextSelectionView.h */,
				3C5ECA1021102076009B263B /* KCTextSelectionView.m */,
				3C5ECA1321102076009B263B /* KCTextUtilities.h */,
				3C5ECA1121102076009B263B /* KCTextUtilities.m */,
				3C5EC98D2110204F009B263B /* KCTextView.h */,
				3C5EC9B221102059009B263B /* KCTextView.m */,
				3C5EC9BD2110205D009B263B /* KCTransaction.h */,
				3C5EC9822110204D009B263B /* KCTransaction.m */,
				3C5EC97F2110204D009B263B /* KCWeakProxy.h */,
				3C5EC9BC2110205C009B263B /* KCWeakProxy.m */,
				3C5ECA1221102076009B263B /* KCWebImageManager.h */,
				3C5EC99B21102052009B263B /* KCWebImageManager.m */,
				3C5EC9B021102058009B263B /* KCWebImageOperation.h */,
				3C5ECA0121102072009B263B /* KCWebImageOperation.m */,
				3C5EC9F22110206D009B263B /* MKAnnotationView+KCWebImage.h */,
				3C5EC9A721102055009B263B /* MKAnnotationView+KCWebImage.m */,
				3C5EC99C21102052009B263B /* NSArray+KCAdd.h */,
				3C5EC9E221102068009B263B /* NSArray+KCAdd.m */,
				3C5EC98F2110204F009B263B /* NSAttributedString+KCText.h */,
				3C5EC9EC2110206B009B263B /* NSAttributedString+KCText.m */,
				3C5EC9762110204B009B263B /* NSBundle+KCAdd.h */,
				3C5EC9E121102068009B263B /* NSBundle+KCAdd.m */,
				3C5EC99F21102053009B263B /* NSData+KCAdd.h */,
				3C5EC9782110204B009B263B /* NSData+KCAdd.m */,
				3C5EC9EF2110206C009B263B /* NSDate+KCAdd.h */,
				3C5ECA0C21102074009B263B /* NSDate+KCAdd.m */,
				3C5EC9BF2110205D009B263B /* NSDictionary+KCAdd.h */,
				3C5EC9C721102060009B263B /* NSDictionary+KCAdd.m */,
				3C5ECA0921102074009B263B /* NSKeyedUnarchiver+KCAdd.h */,
				3C5EC9E82110206A009B263B /* NSKeyedUnarchiver+KCAdd.m */,
				3C5EC9772110204B009B263B /* NSNotificationCenter+KCAdd.h */,
				3C5EC99E21102053009B263B /* NSNotificationCenter+KCAdd.m */,
				3C5EC9A321102054009B263B /* NSNumber+KCAdd.h */,
				3C5EC9832110204D009B263B /* NSNumber+KCAdd.m */,
				3C5EC9C62110205F009B263B /* NSObject+KCAdd.h */,
				3C5EC9E521102069009B263B /* NSObject+KCAdd.m */,
				3C5EC9B42110205A009B263B /* NSObject+KCAddForARC.h */,
				3C5EC99221102050009B263B /* NSObject+KCAddForARC.m */,
				3C5EC9F32110206D009B263B /* NSObject+KCAddForKVO.h */,
				3C5EC99321102050009B263B /* NSObject+KCAddForKVO.m */,
				3C5EC9B62110205A009B263B /* NSObject+KCModel.h */,
				3C5EC9892110204E009B263B /* NSObject+KCModel.m */,
				3C5EC9B72110205B009B263B /* NSParagraphStyle+KCText.h */,
				3C5EC9A121102054009B263B /* NSParagraphStyle+KCText.m */,
				3C5EC9F52110206E009B263B /* NSString+KCAdd.h */,
				3C5EC9C32110205E009B263B /* NSString+KCAdd.m */,
				3C5EC98A2110204E009B263B /* NSThread+KCAdd.h */,
				3C5EC9AC21102057009B263B /* NSThread+KCAdd.m */,
				3C5EC9D621102064009B263B /* NSTimer+KCAdd.h */,
				3C5EC9F92110206F009B263B /* NSTimer+KCAdd.m */,
				3C5EC9C821102060009B263B /* UIApplication+KCAdd.h */,
				3C5EC9B82110205B009B263B /* UIApplication+KCAdd.m */,
				3C5EC9DB21102066009B263B /* UIBarButtonItem+KCAdd.h */,
				3C5EC9A621102055009B263B /* UIBarButtonItem+KCAdd.m */,
				3C5EC9ED2110206C009B263B /* UIBezierPath+KCAdd.h */,
				3C5EC9CA21102060009B263B /* UIBezierPath+KCAdd.m */,
				3C5EC9D721102065009B263B /* UIButton+KCWebImage.h */,
				3C5ECA0D21102075009B263B /* UIButton+KCWebImage.m */,
				3C5EC9DE21102067009B263B /* UIColor+KCAdd.h */,
				3C5EC9C52110205F009B263B /* UIColor+KCAdd.m */,
				3C5ECA0521102073009B263B /* UIControl+KCAdd.h */,
				3C5EC9862110204E009B263B /* UIControl+KCAdd.m */,
				3C5EC9F42110206E009B263B /* UIDevice+KCAdd.h */,
				3C5EC9852110204D009B263B /* UIDevice+KCAdd.m */,
				3C5EC98E2110204F009B263B /* UIFont+KCAdd.h */,
				3C5EC9AE21102058009B263B /* UIFont+KCAdd.m */,
				3C5ECA0621102073009B263B /* UIGestureRecognizer+KCAdd.h */,
				3C5EC9A221102054009B263B /* UIGestureRecognizer+KCAdd.m */,
				3C5EC98B2110204F009B263B /* UIImage+KCAdd.h */,
				3C5EC99021102050009B263B /* UIImage+KCAdd.m */,
				3C5EC9B92110205B009B263B /* UIImageView+KCWebImage.h */,
				3C5EC99A21102052009B263B /* UIImageView+KCWebImage.m */,
				3C5EC97C2110204C009B263B /* UIPasteboard+KCText.h */,
				3C5EC9C02110205E009B263B /* UIPasteboard+KCText.m */,
				3C5EC9FE21102070009B263B /* UIScreen+KCAdd.h */,
				3C5EC9E321102069009B263B /* UIScreen+KCAdd.m */,
				3C5EC9752110204B009B263B /* UIScrollView+KCAdd.h */,
				3C5EC9B121102059009B263B /* UIScrollView+KCAdd.m */,
				3C5EC9C12110205E009B263B /* UITableView+KCAdd.h */,
				3C5EC9882110204E009B263B /* UITableView+KCAdd.m */,
				3C5ECA0721102073009B263B /* UITextField+KCAdd.h */,
				3C5EC9F62110206E009B263B /* UITextField+KCAdd.m */,
				3C5EC9FF21102070009B263B /* UIView+KCAdd.h */,
				3C5ECA0A21102074009B263B /* UIView+KCAdd.m */,
			);
			path = KCCKit;
			sourceTree = "<group>";
		};
/* End PBXGroup section */

/* Begin PBXNativeTarget section */
		3CC822252110173F00874993 /* KCCKit */ = {
			isa = PBXNativeTarget;
			buildConfigurationList = 3CC822522110174200874993 /* Build configuration list for PBXNativeTarget "KCCKit" */;
			buildPhases = (
				3CC822222110173F00874993 /* Sources */,
				3CC822232110173F00874993 /* Frameworks */,
				3CC822242110173F00874993 /* Resources */,
			);
			buildRules = (
			);
			dependencies = (
			);
			name = KCCKit;
			productName = KCCKit;
			productReference = 3CC822262110173F00874993 /* KCCKit.app */;
			productType = "com.apple.product-type.application";
		};
/* End PBXNativeTarget section */

/* Begin PBXProject section */
		3CC8221E2110173F00874993 /* Project object */ = {
			isa = PBXProject;
			attributes = {
				LastUpgradeCheck = 1000;
				ORGANIZATIONNAME = KC;
				TargetAttributes = {
					3CC822252110173F00874993 = {
						CreatedOnToolsVersion = 10.0;
					};
				};
			};
			buildConfigurationList = 3CC822212110173F00874993 /* Build configuration list for PBXProject "KCCKit" */;
			compatibilityVersion = "Xcode 9.3";
			developmentRegion = en;
			hasScannedForEncodings = 0;
			knownRegions = (
				en,
				Base,
			);
			mainGroup = 3CC8221D2110173F00874993;
			productRefGroup = 3CC822272110173F00874993 /* Products */;
			projectDirPath = "";
			projectRoot = "";
			targets = (
				3CC822252110173F00874993 /* KCCKit */,
			);
		};
/* End PBXProject section */

/* Begin PBXResourcesBuildPhase section */
		3CC822242110173F00874993 /* Resources */ = {
			isa = PBXResourcesBuildPhase;
			buildActionMask = 2147483647;
			files = (
			);
			runOnlyForDeploymentPostprocessing = 0;
		};
/* End PBXResourcesBuildPhase section */

/* Begin PBXSourcesBuildPhase section */
		3CC822222110173F00874993 /* Sources */ = {
			isa = PBXSourcesBuildPhase;
			buildActionMask = 2147483647;
			files = (
				3C5ECA3521102077009B263B /* UIFont+KCAdd.m in Sources */,
				3C5ECA5B21102077009B263B /* KCDiskCache.m in Sources */,
				3C5ECA2821102077009B263B /* KCSentinel.m in Sources */,
				3C5ECA5A21102077009B263B /* KCTextDebugOption.m in Sources */,
				3C5ECA2721102077009B263B /* KCSafeDictionary.m in Sources */,
				3C5ECA1C21102077009B263B /* NSNumber+KCAdd.m in Sources */,
				3C5ECA5521102077009B263B /* NSAttributedString+KCText.m in Sources */,
				3C5ECA4D21102077009B263B /* NSArray+KCAdd.m in Sources */,
				3C5ECA1B21102077009B263B /* KCTransaction.m in Sources */,
				3C5ECA4921102077009B263B /* KCTextRunDelegate.m in Sources */,
				3C5ECA3921102077009B263B /* KCMemoryCache.m in Sources */,
				3C5ECA6321102077009B263B /* KCTextUtilities.m in Sources */,
				3C5ECA2521102077009B263B /* NSObject+KCAddForKVO.m in Sources */,
				3C5ECA2021102077009B263B /* UITableView+KCAdd.m in Sources */,
				3C5ECA2221102077009B263B /* KCClassInfo.m in Sources */,
				3C5ECA5421102077009B263B /* KCSpriteSheetImage.m in Sources */,
				3C5ECA5621102077009B263B /* KCTextContainerView.m in Sources */,
				3C5ECA6221102077009B263B /* KCTextSelectionView.m in Sources */,
				3C5ECA4F21102077009B263B /* NSObject+KCAdd.m in Sources */,
				3C5ECA3E21102077009B263B /* NSString+KCAdd.m in Sources */,
				3C5ECA4221102077009B263B /* UIBezierPath+KCAdd.m in Sources */,
				3C5ECA1721102077009B263B /* KCSafeArray.m in Sources */,
				3C5ECA2E21102077009B263B /* UIGestureRecognizer+KCAdd.m in Sources */,
				3C5ECA5221102077009B263B /* NSKeyedUnarchiver+KCAdd.m in Sources */,
				3C5ECA1E21102077009B263B /* UIDevice+KCAdd.m in Sources */,
				3C5ECA3421102077009B263B /* KCCache.m in Sources */,
				3C5ECA5921102077009B263B /* NSTimer+KCAdd.m in Sources */,
				3C5ECA4521102077009B263B /* KCAnimatedImageView.m in Sources */,
				3C5ECA4021102077009B263B /* NSDictionary+KCAdd.m in Sources */,
				3C5ECA4721102077009B263B /* KCTextMagnifier.m in Sources */,
				3C5ECA6421102077009B263B /* KCTextAttribute.m in Sources */,
				3C5ECA1921102077009B263B /* KCGestureRecognizer.m in Sources */,
				3C5ECA1F21102077009B263B /* UIControl+KCAdd.m in Sources */,
				3C5ECA3121102077009B263B /* MKAnnotationView+KCWebImage.m in Sources */,
				3C5ECA2F21102077009B263B /* KCAsyncLayer.m in Sources */,
				3C5ECA2121102077009B263B /* NSObject+KCModel.m in Sources */,
				3C5ECA5021102077009B263B /* KCTextArchiver.m in Sources */,
				3C5ECA2A21102077009B263B /* KCWebImageManager.m in Sources */,
				3C5ECA3621102077009B263B /* UIScrollView+KCAdd.m in Sources */,
				3C5ECA4821102077009B263B /* KCFileHash.m in Sources */,
				3C5ECA3B21102077009B263B /* KCWeakProxy.m in Sources */,
				3C5ECA3221102077009B263B /* KCImage.m in Sources */,
				3C5ECA2321102077009B263B /* UIImage+KCAdd.m in Sources */,
				3C5ECA2921102077009B263B /* UIImageView+KCWebImage.m in Sources */,
				3C5ECA3821102077009B263B /* KCImageCoder.m in Sources */,
				3C5ECA4621102077009B263B /* _KCWebImageSetter.m in Sources */,
				3C5ECA6021102077009B263B /* UIButton+KCWebImage.m in Sources */,
				3C5ECA6121102077009B263B /* KCKVStorage.m in Sources */,
				3C5ECA3D21102077009B263B /* UIPasteboard+KCText.m in Sources */,
				3C5ECA3F21102077009B263B /* UIColor+KCAdd.m in Sources */,
				3C5ECA5321102077009B263B /* KCFrameImage.m in Sources */,
				3C5ECA4C21102077009B263B /* NSBundle+KCAdd.m in Sources */,
				3C5ECA5121102077009B263B /* KCTextInput.m in Sources */,
				3C5ECA4E21102077009B263B /* UIScreen+KCAdd.m in Sources */,
				3C5ECA3C21102077009B263B /* KCTextLayout.m in Sources */,
				3C5ECA5C21102077009B263B /* KCWebImageOperation.m in Sources */,
				3C5ECA2B21102077009B263B /* KCTextKeyboardManager.m in Sources */,
				3C5ECA5F21102077009B263B /* NSDate+KCAdd.m in Sources */,
				3C5ECA4B21102077009B263B /* KCDispatchQueuePool.m in Sources */,
				3C5ECA3721102077009B263B /* KCTextView.m in Sources */,
				3C5ECA3321102077009B263B /* NSThread+KCAdd.m in Sources */,
				3C5ECA4321102077009B263B /* KCReachability.m in Sources */,
				3C5ECA2621102077009B263B /* KCImageCache.m in Sources */,
				3C5ECA5721102077009B263B /* UITextField+KCAdd.m in Sources */,
				3C5ECA2C21102077009B263B /* NSNotificationCenter+KCAdd.m in Sources */,
				3C5ECA4121102077009B263B /* KCTextEffectWindow.m in Sources */,
				3C5ECA2D21102077009B263B /* NSParagraphStyle+KCText.m in Sources */,
				3C5ECA5821102077009B263B /* CALayer+KCAdd.m in Sources */,
				3C5ECA4421102077009B263B /* KCTextLine.m in Sources */,
				3C5ECA4A21102077009B263B /* KCLabel.m in Sources */,
				3C5ECA3021102077009B263B /* UIBarButtonItem+KCAdd.m in Sources */,
				3C5ECA5D21102077009B263B /* KCTextParser.m in Sources */,
				3C5ECA1821102077009B263B /* CALayer+KCWebImage.m in Sources */,
				3C5ECA1A21102077009B263B /* KCTextRubyAnnotation.m in Sources */,
				3C5ECA1D21102077009B263B /* KCCGUtilities.m in Sources */,
				3C5ECA3A21102077009B263B /* UIApplication+KCAdd.m in Sources */,
				3C5ECA5E21102077009B263B /* UIView+KCAdd.m in Sources */,
				3C5ECA1621102077009B263B /* NSData+KCAdd.m in Sources */,
				3C5ECA2421102077009B263B /* NSObject+KCAddForARC.m in Sources */,
			);
			runOnlyForDeploymentPostprocessing = 0;
		};
/* End PBXSourcesBuildPhase section */

/* Begin XCBuildConfiguration section */
		3CC822502110174200874993 /* Debug */ = {
			isa = XCBuildConfiguration;
			buildSettings = {
				ALWAYS_SEARCH_USER_PATHS = NO;
				CLANG_ANALYZER_NONNULL = YES;
				CLANG_ANALYZER_NUMBER_OBJECT_CONVERSION = YES_AGGRESSIVE;
				CLANG_CXX_LANGUAGE_STANDARD = "gnu++14";
				CLANG_CXX_LIBRARY = "libc++";
				CLANG_ENABLE_MODULES = YES;
				CLANG_ENABLE_OBJC_ARC = YES;
				CLANG_ENABLE_OBJC_WEAK = YES;
				CLANG_WARN_BLOCK_CAPTURE_AUTORELEASING = YES;
				CLANG_WARN_BOOL_CONVERSION = YES;
				CLANG_WARN_COMMA = YES;
				CLANG_WARN_CONSTANT_CONVERSION = YES;
				CLANG_WARN_DEPRECATED_OBJC_IMPLEMENTATIONS = YES;
				CLANG_WARN_DIRECT_OBJC_ISA_USAGE = YES_ERROR;
				CLANG_WARN_DOCUMENTATION_COMMENTS = YES;
				CLANG_WARN_EMPTY_BODY = YES;
				CLANG_WARN_ENUM_CONVERSION = YES;
				CLANG_WARN_INFINITE_RECURSION = YES;
				CLANG_WARN_INT_CONVERSION = YES;
				CLANG_WARN_NON_LITERAL_NULL_CONVERSION = YES;
				CLANG_WARN_OBJC_IMPLICIT_RETAIN_SELF = YES;
				CLANG_WARN_OBJC_LITERAL_CONVERSION = YES;
				CLANG_WARN_OBJC_ROOT_CLASS = YES_ERROR;
				CLANG_WARN_RANGE_LOOP_ANALYSIS = YES;
				CLANG_WARN_STRICT_PROTOTYPES = YES;
				CLANG_WARN_SUSPICIOUS_MOVE = YES;
				CLANG_WARN_UNGUARDED_AVAILABILITY = YES_AGGRESSIVE;
				CLANG_WARN_UNREACHABLE_CODE = YES;
				CLANG_WARN__DUPLICATE_METHOD_MATCH = YES;
				CODE_SIGN_IDENTITY = "iPhone Developer";
				COPY_PHASE_STRIP = NO;
				DEBUG_INFORMATION_FORMAT = dwarf;
				ENABLE_STRICT_OBJC_MSGSEND = YES;
				ENABLE_TESTABILITY = YES;
				GCC_C_LANGUAGE_STANDARD = gnu11;
				GCC_DYNAMIC_NO_PIC = NO;
				GCC_NO_COMMON_BLOCKS = YES;
				GCC_OPTIMIZATION_LEVEL = 0;
				GCC_PREPROCESSOR_DEFINITIONS = (
					"DEBUG=1",
					"$(inherited)",
				);
				GCC_WARN_64_TO_32_BIT_CONVERSION = YES;
				GCC_WARN_ABOUT_RETURN_TYPE = YES_ERROR;
				GCC_WARN_UNDECLARED_SELECTOR = YES;
				GCC_WARN_UNINITIALIZED_AUTOS = YES_AGGRESSIVE;
				GCC_WARN_UNUSED_FUNCTION = YES;
				GCC_WARN_UNUSED_VARIABLE = YES;
				IPHONEOS_DEPLOYMENT_TARGET = 12.0;
				MTL_ENABLE_DEBUG_INFO = INCLUDE_SOURCE;
				MTL_FAST_MATH = YES;
				ONLY_ACTIVE_ARCH = YES;
				SDKROOT = iphoneos;
			};
			name = Debug;
		};
		3CC822512110174200874993 /* Release */ = {
			isa = XCBuildConfiguration;
			buildSettings = {
				ALWAYS_SEARCH_USER_PATHS = NO;
				CLANG_ANALYZER_NONNULL = YES;
				CLANG_ANALYZER_NUMBER_OBJECT_CONVERSION = YES_AGGRESSIVE;
				CLANG_CXX_LANGUAGE_STANDARD = "gnu++14";
				CLANG_CXX_LIBRARY = "libc++";
				CLANG_ENABLE_MODULES = YES;
				CLANG_ENABLE_OBJC_ARC = YES;
				CLANG_ENABLE_OBJC_WEAK = YES;
				CLANG_WARN_BLOCK_CAPTURE_AUTORELEASING = YES;
				CLANG_WARN_BOOL_CONVERSION = YES;
				CLANG_WARN_COMMA = YES;
				CLANG_WARN_CONSTANT_CONVERSION = YES;
				CLANG_WARN_DEPRECATED_OBJC_IMPLEMENTATIONS = YES;
				CLANG_WARN_DIRECT_OBJC_ISA_USAGE = YES_ERROR;
				CLANG_WARN_DOCUMENTATION_COMMENTS = YES;
				CLANG_WARN_EMPTY_BODY = YES;
				CLANG_WARN_ENUM_CONVERSION = YES;
				CLANG_WARN_INFINITE_RECURSION = YES;
				CLANG_WARN_INT_CONVERSION = YES;
				CLANG_WARN_NON_LITERAL_NULL_CONVERSION = YES;
				CLANG_WARN_OBJC_IMPLICIT_RETAIN_SELF = YES;
				CLANG_WARN_OBJC_LITERAL_CONVERSION = YES;
				CLANG_WARN_OBJC_ROOT_CLASS = YES_ERROR;
				CLANG_WARN_RANGE_LOOP_ANALYSIS = YES;
				CLANG_WARN_STRICT_PROTOTYPES = YES;
				CLANG_WARN_SUSPICIOUS_MOVE = YES;
				CLANG_WARN_UNGUARDED_AVAILABILITY = YES_AGGRESSIVE;
				CLANG_WARN_UNREACHABLE_CODE = YES;
				CLANG_WARN__DUPLICATE_METHOD_MATCH = YES;
				CODE_SIGN_IDENTITY = "iPhone Developer";
				COPY_PHASE_STRIP = NO;
				DEBUG_INFORMATION_FORMAT = "dwarf-with-dsym";
				ENABLE_NS_ASSERTIONS = NO;
				ENABLE_STRICT_OBJC_MSGSEND = YES;
				GCC_C_LANGUAGE_STANDARD = gnu11;
				GCC_NO_COMMON_BLOCKS = YES;
				GCC_WARN_64_TO_32_BIT_CONVERSION = YES;
				GCC_WARN_ABOUT_RETURN_TYPE = YES_ERROR;
				GCC_WARN_UNDECLARED_SELECTOR = YES;
				GCC_WARN_UNINITIALIZED_AUTOS = YES_AGGRESSIVE;
				GCC_WARN_UNUSED_FUNCTION = YES;
				GCC_WARN_UNUSED_VARIABLE = YES;
				IPHONEOS_DEPLOYMENT_TARGET = 12.0;
				MTL_ENABLE_DEBUG_INFO = NO;
				MTL_FAST_MATH = YES;
				SDKROOT = iphoneos;
				VALIDATE_PRODUCT = YES;
			};
			name = Release;
		};
		3CC822532110174200874993 /* Debug */ = {
			isa = XCBuildConfiguration;
			buildSettings = {
				ASSETCATALOG_COMPILER_APPICON_NAME = AppIcon;
				CODE_SIGN_STYLE = Automatic;
				DEVELOPMENT_TEAM = ENX4LDMS3K;
				INFOPLIST_FILE = KCCKit/Info.plist;
				LD_RUNPATH_SEARCH_PATHS = (
					"$(inherited)",
					"@executable_path/Frameworks",
				);
				PRODUCT_BUNDLE_IDENTIFIER = KC.KCCKit;
				PRODUCT_NAME = "$(TARGET_NAME)";
				TARGETED_DEVICE_FAMILY = "1,2";
			};
			name = Debug;
		};
		3CC822542110174200874993 /* Release */ = {
			isa = XCBuildConfiguration;
			buildSettings = {
				ASSETCATALOG_COMPILER_APPICON_NAME = AppIcon;
				CODE_SIGN_STYLE = Automatic;
				DEVELOPMENT_TEAM = ENX4LDMS3K;
				INFOPLIST_FILE = KCCKit/Info.plist;
				LD_RUNPATH_SEARCH_PATHS = (
					"$(inherited)",
					"@executable_path/Frameworks",
				);
				PRODUCT_BUNDLE_IDENTIFIER = KC.KCCKit;
				PRODUCT_NAME = "$(TARGET_NAME)";
				TARGETED_DEVICE_FAMILY = "1,2";
			};
			name = Release;
		};
/* End XCBuildConfiguration section */

/* Begin XCConfigurationList section */
		3CC822212110173F00874993 /* Build configuration list for PBXProject "KCCKit" */ = {
			isa = XCConfigurationList;
			buildConfigurations = (
				3CC822502110174200874993 /* Debug */,
				3CC822512110174200874993 /* Release */,
			);
			defaultConfigurationIsVisible = 0;
			defaultConfigurationName = Release;
		};
		3CC822522110174200874993 /* Build configuration list for PBXNativeTarget "KCCKit" */ = {
			isa = XCConfigurationList;
			buildConfigurations = (
				3CC822532110174200874993 /* Debug */,
				3CC822542110174200874993 /* Release */,
			);
			defaultConfigurationIsVisible = 0;
			defaultConfigurationName = Release;
		};
/* End XCConfigurationList section */
	};
	rootObject = 3CC8221E2110173F00874993 /* Project object */;
}
